{
  "name": "nano-ide",
  "version": "0.0.0",
  "lockfileVersion": 3,
  "requires": true,
  "packages": {
    "": {
      "name": "nano-ide",
      "version": "0.0.0",
      "license": "Apache-2.0",
      "workspaces": [
        "packages/*"
      ],
      "devDependencies": {
        "typescript": "^5.6.0"
      }
    },
    "node_modules/@nanobpm/nano-ide-app-deno-gui": {
      "resolved": "packages/app-deno-gui",
      "link": true
    },
    "node_modules/@nanobpm/nano-ide-app-embedded-graalvm-native": {
      "resolved": "packages/app-embedded-graalvm-native",
      "link": true
    },
    "node_modules/@nanobpm/nano-ide-app-embedded-jvm": {
      "resolved": "packages/app-embedded-jvm",
      "link": true
    },
    "node_modules/@nanobpm/nano-ide-app-embedded-nano": {
      "resolved": "packages/app-embedded-nano",
      "link": true
    },
    "node_modules/@nanobpm/nano-ide-example-csharp-throughput": {
      "resolved": "packages/example-csharp-throughput",
      "link": true
    },
    "node_modules/@nanobpm/nano-ide-example-java-throughput": {
      "resolved": "packages/example-java-throughput",
      "link": true
    },
    "node_modules/@nanobpm/nano-ide-example-python-throughput": {
      "resolved": "packages/example-python-throughput",
      "link": true
    },
    "node_modules/@nanobpm/nano-ide-example-rust-throughput": {
      "resolved": "packages/example-rust-throughput",
      "link": true
    },
    "node_modules/@nanobpm/nano-ide-ext-types": {
      "resolved": "packages/ext-types",
      "link": true
    },
    "node_modules/@nanobpm/nano-ide-lang-csharp": {
      "resolved": "packages/lang-csharp",
      "link": true
    },
    "node_modules/@nanobpm/nano-ide-lang-java": {
      "resolved": "packages/lang-java",
      "link": true
    },
    "node_modules/@nanobpm/nano-ide-lang-python": {
      "resolved": "packages/lang-python",
      "link": true
    },
    "node_modules/@nanobpm/nano-ide-lang-rust": {
      "resolved": "packages/lang-rust",
      "link": true
    },
    "node_modules/@nanobpm/nano-ide-theme-nord": {
      "resolved": "packages/theme-nord",
      "link": true
    },
    "node_modules/@nanobpm/nano-ide-theme-solarized": {
      "resolved": "packages/theme-solarized",
      "link": true
    },
    "node_modules/@nanobpm/nano-ide-theme-synthwave": {
      "resolved": "packages/theme-synthwave",
      "link": true
    },
    "node_modules/typescript": {
      "version": "5.9.3",
      "resolved": "https://registry.npmjs.org/typescript/-/typescript-5.9.3.tgz",
      "integrity": "sha512-jl1vZzPDinLr9eUt3J/t7V6FgNEw9QjvBPdysz9KfQDD41fQrC2Y4vKQdiaUpFT4bXlb1RHhLpp8wtm6M5TgSw==",
      "dev": true,
      "license": "Apache-2.0",
      "bin": {
        "tsc": "bin/tsc",
        "tsserver": "bin/tsserver"
      },
      "engines": {
        "node": ">=14.17"
      }
    },
    "packages/app-deno-gui": {
      "name": "@nanobpm/nano-ide-app-deno-gui",
      "version": "1.0.0",
      "license": "Apache-2.0"
    },
    "packages/app-embedded-graalvm-native": {
      "name": "@nanobpm/nano-ide-app-embedded-graalvm-native",
      "version": "1.1.0",
      "license": "Apache-2.0"
    },
    "packages/app-embedded-jvm": {
      "name": "@nanobpm/nano-ide-app-embedded-jvm",
      "version": "1.1.0",
      "license": "Apache-2.0"
    },
    "packages/app-embedded-nano": {
      "name": "@nanobpm/nano-ide-app-embedded-nano",
      "version": "1.0.0",
      "license": "Apache-2.0"
    },
    "packages/example-csharp-throughput": {
      "name": "@nanobpm/nano-ide-example-csharp-throughput",
      "version": "1.0.1",
      "license": "Apache-2.0"
    },
    "packages/example-java-throughput": {
      "name": "@nanobpm/nano-ide-example-java-throughput",
      "version": "1.5.0",
      "license": "Apache-2.0"
    },
    "packages/example-python-throughput": {
      "name": "@nanobpm/nano-ide-example-python-throughput",
      "version": "1.0.1",
      "license": "Apache-2.0"
    },
    "packages/example-rust-throughput": {
      "name": "@nanobpm/nano-ide-example-rust-throughput",
      "version": "1.0.2",
      "license": "Apache-2.0"
    },
    "packages/example-throughput-jvm": {
      "name": "@nanobpm/nano-ide-example-throughput-jvm",
      "version": "1.0.0",
      "extraneous": true,
      "license": "Apache-2.0"
    },
    "packages/ext-types": {
      "name": "@nanobpm/nano-ide-ext-types",
      "version": "1.3.0",
      "license": "Apache-2.0"
    },
    "packages/lang-csharp": {
      "name": "@nanobpm/nano-ide-lang-csharp",
      "version": "1.1.0",
      "license": "Apache-2.0"
    },
    "packages/lang-java": {
      "name": "@nanobpm/nano-ide-lang-java",
      "version": "1.1.0",
      "license": "Apache-2.0"
    },
    "packages/lang-python": {
      "name": "@nanobpm/nano-ide-lang-python",
      "version": "1.1.0",
      "license": "Apache-2.0"
    },
    "packages/lang-rust": {
      "name": "@nanobpm/nano-ide-lang-rust",
      "version": "1.3.0",
      "license": "Apache-2.0"
    },
    "packages/theme-nord": {
      "name": "@nanobpm/nano-ide-theme-nord",
      "version": "1.0.0",
      "license": "Apache-2.0"
    },
    "packages/theme-solarized": {
      "name": "@nanobpm/nano-ide-theme-solarized",
      "version": "1.0.0",
      "license": "Apache-2.0"
    },
    "packages/theme-synthwave": {
      "name": "@nanobpm/nano-ide-theme-synthwave",
      "version": "1.0.0",
      "license": "Apache-2.0"
    }
  }
}
